
Microsoft Visual Studio Solution File, Format Version 12.00
# Visual Studio Version 16
VisualStudioVersion = 16.0.32413.511
MinimumVisualStudioVersion = 10.0.40219.1
Project("{FAE04EC0-301F-11D3-BF4B-00C04F79EFBC}") = "Proyecto", "Proyecto\Proyecto.csproj", "{BD3CBA81-46F9-4034-8C9F-5CDB2826325A}"
EndProject
Global
	GlobalSection(SolutionConfigurationPlatforms) = preSolution
		Debug|Any CPU = Debug|Any CPU
		Release|Any CPU = Release|Any CPU
	EndGlobalSection
	GlobalSection(ProjectConfigurationPlatforms) = postSolution
		{BD3CBA81-46F9-4034-8C9F-5CDB2826325A}.Debug|Any CPU.ActiveCfg = Debug|Any CPU
		{BD3CBA81-46F9-4034-8C9F-5CDB2826325A}.Debug|Any CPU.Build.0 = Debug|Any CPU
		{BD3CBA81-46F9-4034-8C9F-5CDB2826325A}.Release|Any CPU.ActiveCfg = Release|Any CPU
		{BD3CBA81-46F9-4034-8C9F-5CDB2826325A}.Release|Any CPU.Build.0 = Release|Any CPU
	EndGlobalSection
	GlobalSection(SolutionProperties) = preSolution
		HideSolutionNode = FALSE
	EndGlobalSection
	GlobalSection(ExtensibilityGlobals) = postSolution
		SolutionGuid = {E023BF55-1A7B-4665-B9AD-83A3DCC73C75}
	EndGlobalSection
EndGlobal
